
Microsoft Visual Studio Solution File, Format Version 12.00
# Visual Studio Version 16
VisualStudioVersion = 16.0.31624.102
MinimumVisualStudioVersion = 10.0.40219.1
Project("{4DF76451-A46A-4C0B-BE03-459FAAFA07E6}") = "Notion", "Notion\Notion.mproj", "{BD081F6E-9A86-452D-B5D4-1313FC39FA78}"
EndProject
Global
	GlobalSection(SolutionConfigurationPlatforms) = preSolution
		Debug|x86 = Debug|x86
		Release|x86 = Release|x86
	EndGlobalSection
	GlobalSection(ProjectConfigurationPlatforms) = postSolution
		{BD081F6E-9A86-452D-B5D4-1313FC39FA78}.Debug|x86.ActiveCfg = Debug|x86
		{BD081F6E-9A86-452D-B5D4-1313FC39FA78}.Debug|x86.Build.0 = Debug|x86
		{BD081F6E-9A86-452D-B5D4-1313FC39FA78}.Release|x86.ActiveCfg = Release|x86
		{BD081F6E-9A86-452D-B5D4-1313FC39FA78}.Release|x86.Build.0 = Release|x86
	EndGlobalSection
	GlobalSection(SolutionProperties) = preSolution
		HideSolutionNode = FALSE
	EndGlobalSection
	GlobalSection(ExtensibilityGlobals) = postSolution
		SolutionGuid = {C81C8640-8D50-4414-9934-FE6604EC0457}
	EndGlobalSection
EndGlobal
